
Microsoft Visual Studio Solution File, Format Version 12.00
# Visual Studio 15
VisualStudioVersion = 15.0.26430.14
MinimumVisualStudioVersion = 10.0.40219.1
Project("{FAE04EC0-301F-11D3-BF4B-00C04F79EFBC}") = "RNDFromNISTLib", "RNDFromNISTLib\RNDFromNISTLib.csproj", "{F7BBEE21-00C0-4328-85A1-47AEDB9C6F48}"
EndProject
Project("{FAE04EC0-301F-11D3-BF4B-00C04F79EFBC}") = "RNDFromNISTApp", "RNDFromNISTApp\RNDFromNISTApp.csproj", "{B68A2208-D121-4549-A96B-DE8BDCCD359C}"
EndProject
Global
	GlobalSection(SolutionConfigurationPlatforms) = preSolution
		Debug|Any CPU = Debug|Any CPU
		Release|Any CPU = Release|Any CPU
	EndGlobalSection
	GlobalSection(ProjectConfigurationPlatforms) = postSolution
		{F7BBEE21-00C0-4328-85A1-47AEDB9C6F48}.Debug|Any CPU.ActiveCfg = Debug|Any CPU
		{F7BBEE21-00C0-4328-85A1-47AEDB9C6F48}.Debug|Any CPU.Build.0 = Debug|Any CPU
		{F7BBEE21-00C0-4328-85A1-47AEDB9C6F48}.Release|Any CPU.ActiveCfg = Release|Any CPU
		{F7BBEE21-00C0-4328-85A1-47AEDB9C6F48}.Release|Any CPU.Build.0 = Release|Any CPU
		{B68A2208-D121-4549-A96B-DE8BDCCD359C}.Debug|Any CPU.ActiveCfg = Debug|Any CPU
		{B68A2208-D121-4549-A96B-DE8BDCCD359C}.Debug|Any CPU.Build.0 = Debug|Any CPU
		{B68A2208-D121-4549-A96B-DE8BDCCD359C}.Release|Any CPU.ActiveCfg = Release|Any CPU
		{B68A2208-D121-4549-A96B-DE8BDCCD359C}.Release|Any CPU.Build.0 = Release|Any CPU
	EndGlobalSection
	GlobalSection(SolutionProperties) = preSolution
		HideSolutionNode = FALSE
	EndGlobalSection
EndGlobal
